
Microsoft Visual Studio Solution File, Format Version 12.00
# Visual Studio Version 16
VisualStudioVersion = 16.0.29503.13
MinimumVisualStudioVersion = 10.0.40219.1
Project("{FAE04EC0-301F-11D3-BF4B-00C04F79EFBC}") = "Soc_NET", "Soc_NET.csproj", "{58C0D747-95E7-4D40-9D47-980821ECC8C8}"
EndProject
Project("{FAE04EC0-301F-11D3-BF4B-00C04F79EFBC}") = "Soc_Client", "Soc_Client\Soc_Client.csproj", "{20B8FF41-0456-4AB8-9134-9607CD8D7114}"
EndProject
Project("{FAE04EC0-301F-11D3-BF4B-00C04F79EFBC}") = "ConsoleApp1", "..\ConsoleApp1\ConsoleApp1.csproj", "{9E3C990C-30BB-4C01-8ED9-234C341312B4}"
EndProject
Project("{9A19103F-16F7-4668-BE54-9A1E7A4F7556}") = "Client_Debug", "Client_Debug\Client_Debug.csproj", "{C413942E-E2B4-484B-83BF-698F10E06245}"
EndProject
Project("{FAE04EC0-301F-11D3-BF4B-00C04F79EFBC}") = "ClientInfo", "ClientInfo\ClientInfo.csproj", "{1BE4FEEA-3402-45D0-8694-B0C2885A5A4F}"
EndProject
Project("{FAE04EC0-301F-11D3-BF4B-00C04F79EFBC}") = "ChatClient", "ChatClient\ChatClient.csproj", "{3686F4FD-CEEA-428E-977D-2AD07A64C578}"
EndProject
Global
	GlobalSection(SolutionConfigurationPlatforms) = preSolution
		Debug|Any CPU = Debug|Any CPU
		Release|Any CPU = Release|Any CPU
	EndGlobalSection
	GlobalSection(ProjectConfigurationPlatforms) = postSolution
		{58C0D747-95E7-4D40-9D47-980821ECC8C8}.Debug|Any CPU.ActiveCfg = Debug|Any CPU
		{58C0D747-95E7-4D40-9D47-980821ECC8C8}.Debug|Any CPU.Build.0 = Debug|Any CPU
		{58C0D747-95E7-4D40-9D47-980821ECC8C8}.Release|Any CPU.ActiveCfg = Release|Any CPU
		{58C0D747-95E7-4D40-9D47-980821ECC8C8}.Release|Any CPU.Build.0 = Release|Any CPU
		{20B8FF41-0456-4AB8-9134-9607CD8D7114}.Debug|Any CPU.ActiveCfg = Debug|Any CPU
		{20B8FF41-0456-4AB8-9134-9607CD8D7114}.Debug|Any CPU.Build.0 = Debug|Any CPU
		{20B8FF41-0456-4AB8-9134-9607CD8D7114}.Release|Any CPU.ActiveCfg = Release|Any CPU
		{20B8FF41-0456-4AB8-9134-9607CD8D7114}.Release|Any CPU.Build.0 = Release|Any CPU
		{9E3C990C-30BB-4C01-8ED9-234C341312B4}.Debug|Any CPU.ActiveCfg = Debug|Any CPU
		{9E3C990C-30BB-4C01-8ED9-234C341312B4}.Debug|Any CPU.Build.0 = Debug|Any CPU
		{9E3C990C-30BB-4C01-8ED9-234C341312B4}.Release|Any CPU.ActiveCfg = Release|Any CPU
		{9E3C990C-30BB-4C01-8ED9-234C341312B4}.Release|Any CPU.Build.0 = Release|Any CPU
		{C413942E-E2B4-484B-83BF-698F10E06245}.Debug|Any CPU.ActiveCfg = Debug|Any CPU
		{C413942E-E2B4-484B-83BF-698F10E06245}.Debug|Any CPU.Build.0 = Debug|Any CPU
		{C413942E-E2B4-484B-83BF-698F10E06245}.Release|Any CPU.ActiveCfg = Release|Any CPU
		{C413942E-E2B4-484B-83BF-698F10E06245}.Release|Any CPU.Build.0 = Release|Any CPU
		{1BE4FEEA-3402-45D0-8694-B0C2885A5A4F}.Debug|Any CPU.ActiveCfg = Debug|Any CPU
		{1BE4FEEA-3402-45D0-8694-B0C2885A5A4F}.Debug|Any CPU.Build.0 = Debug|Any CPU
		{1BE4FEEA-3402-45D0-8694-B0C2885A5A4F}.Release|Any CPU.ActiveCfg = Release|Any CPU
		{1BE4FEEA-3402-45D0-8694-B0C2885A5A4F}.Release|Any CPU.Build.0 = Release|Any CPU
		{3686F4FD-CEEA-428E-977D-2AD07A64C578}.Debug|Any CPU.ActiveCfg = Debug|Any CPU
		{3686F4FD-CEEA-428E-977D-2AD07A64C578}.Debug|Any CPU.Build.0 = Debug|Any CPU
		{3686F4FD-CEEA-428E-977D-2AD07A64C578}.Release|Any CPU.ActiveCfg = Release|Any CPU
		{3686F4FD-CEEA-428E-977D-2AD07A64C578}.Release|Any CPU.Build.0 = Release|Any CPU
	EndGlobalSection
	GlobalSection(SolutionProperties) = preSolution
		HideSolutionNode = FALSE
	EndGlobalSection
	GlobalSection(ExtensibilityGlobals) = postSolution
		SolutionGuid = {E96FDC3F-F928-4A36-8872-E27546F52AD9}
	EndGlobalSection
EndGlobal
